// !$*UTF8*$!
{
	archiveVersion = 1;
	classes = {
	};
	objectVersion = 50;
	objects = {

/* Begin PBXBuildFile section */
		FD62BE8222CC3D430060399C /* AppDelegate.swift in Sources */ = {isa = PBXBuildFile; fileRef = FD62BE8122CC3D430060399C /* AppDelegate.swift */; };
		FD62BE8422CC3D430060399C /* AndroidHatersViewController.swift in Sources */ = {isa = PBXBuildFile; fileRef = FD62BE8322CC3D430060399C /* AndroidHatersViewController.swift */; };
		FD62BE8722CC3D430060399C /* Main.storyboard in Resources */ = {isa = PBXBuildFile; fileRef = FD62BE8522CC3D430060399C /* Main.storyboard */; };
		FD62BE8922CC3D450060399C /* Assets.xcassets in Resources */ = {isa = PBXBuildFile; fileRef = FD62BE8822CC3D450060399C /* Assets.xcassets */; };
		FD62BE8C22CC3D450060399C /* LaunchScreen.storyboard in Resources */ = {isa = PBXBuildFile; fileRef = FD62BE8A22CC3D450060399C /* LaunchScreen.storyboard */; };
		FD62BE9622CC50AF0060399C /* AndroidHatersModel.swift in Sources */ = {isa = PBXBuildFile; fileRef = FD62BE9522CC50AF0060399C /* AndroidHatersModel.swift */; };
/* End PBXBuildFile section */

/* Begin PBXFileReference section */
		FD62BE7E22CC3D430060399C /* UIDelegationProject.app */ = {isa = PBXFileReference; explicitFileType = wrapper.application; includeInIndex = 0; path = UIDelegationProject.app; sourceTree = BUILT_PRODUCTS_DIR; };
		FD62BE8122CC3D430060399C /* AppDelegate.swift */ = {isa = PBXFileReference; lastKnownFileType = sourcecode.swift; path = AppDelegate.swift; sourceTree = "<group>"; };
		FD62BE8322CC3D430060399C /* AndroidHatersViewController.swift */ = {isa = PBXFileReference; lastKnownFileType = sourcecode.swift; path = AndroidHatersViewController.swift; sourceTree = "<group>"; };
		FD62BE8622CC3D430060399C /* Base */ = {isa = PBXFileReference; lastKnownFileType = file.storyboard; name = Base; path = Base.lproj/Main.storyboard; sourceTree = "<group>"; };
		FD62BE8822CC3D450060399C /* Assets.xcassets */ = {isa = PBXFileReference; lastKnownFileType = folder.assetcatalog; path = Assets.xcassets; sourceTree = "<group>"; };
		FD62BE8B22CC3D450060399C /* Base */ = {isa = PBXFileReference; lastKnownFileType = file.storyboard; name = Base; path = Base.lproj/LaunchScreen.storyboard; sourceTree = "<group>"; };
		FD62BE8D22CC3D450060399C /* Info.plist */ = {isa = PBXFileReference; lastKnownFileType = text.plist.xml; path = Info.plist; sourceTree = "<group>"; };
		FD62BE9522CC50AF0060399C /* AndroidHatersModel.swift */ = {isa = PBXFileReference; lastKnownFileType = sourcecode.swift; path = AndroidHatersModel.swift; sourceTree = "<group>"; };
/* End PBXFileReference section */

/* Begin PBXFrameworksBuildPhase section */
		FD62BE7B22CC3D430060399C /* Frameworks */ = {
			isa = PBXFrameworksBuildPhase;
			buildActionMask = 2147483647;
			files = (
			);
			runOnlyForDeploymentPostprocessing = 0;
		};
/* End PBXFrameworksBuildPhase section */

/* Begin PBXGroup section */
		FD62BE7522CC3D430060399C = {
			isa = PBXGroup;
			children = (
				FD62BE8022CC3D430060399C /* UIDelegationProject */,
				FD62BE7F22CC3D430060399C /* Products */,
			);
			sourceTree = "<group>";
		};
		FD62BE7F22CC3D430060399C /* Products */ = {
			isa = PBXGroup;
			children = (
				FD62BE7E22CC3D430060399C /* UIDelegationProject.app */,
			);
			name = Products;
			sourceTree = "<group>";
		};
		FD62BE8022CC3D430060399C /* UIDelegationProject */ = {
			isa = PBXGroup;
			children = (
				FD62BE9422CC50720060399C /* Plumbing */,
				FD62BE8322CC3D430060399C /* AndroidHatersViewController.swift */,
				FD62BE9522CC50AF0060399C /* AndroidHatersModel.swift */,
			);
			path = UIDelegationProject;
			sourceTree = "<group>";
		};
		FD62BE9422CC50720060399C /* Plumbing */ = {
			isa = PBXGroup;
			children = (
				FD62BE8822CC3D450060399C /* Assets.xcassets */,
				FD62BE8D22CC3D450060399C /* Info.plist */,
				FD62BE8522CC3D430060399C /* Main.storyboard */,
				FD62BE8122CC3D430060399C /* AppDelegate.swift */,
				FD62BE8A22CC3D450060399C /* LaunchScreen.storyboard */,
			);
			name = Plumbing;
			sourceTree = "<group>";
		};
/* End PBXGroup section */

/* Begin PBXNativeTarget section */
		FD62BE7D22CC3D430060399C /* UIDelegationProject */ = {
			isa = PBXNativeTarget;
			buildConfigurationList = FD62BE9022CC3D450060399C /* Build configuration list for PBXNativeTarget "UIDelegationProject" */;
			buildPhases = (
				FD62BE7A22CC3D430060399C /* Sources */,
				FD62BE7B22CC3D430060399C /* Frameworks */,
				FD62BE7C22CC3D430060399C /* Resources */,
			);
			buildRules = (
			);
			dependencies = (
			);
			name = UIDelegationProject;
			productName = UIDelegationProject;
			productReference = FD62BE7E22CC3D430060399C /* UIDelegationProject.app */;
			productType = "com.apple.product-type.application";
		};
/* End PBXNativeTarget section */

/* Begin PBXProject section */
		FD62BE7622CC3D430060399C /* Project object */ = {
			isa = PBXProject;
			attributes = {
				LastSwiftUpdateCheck = 1020;
				LastUpgradeCheck = 1020;
				ORGANIZATIONNAME = Joshholl;
				TargetAttributes = {
					FD62BE7D22CC3D430060399C = {
						CreatedOnToolsVersion = 10.2.1;
					};
				};
			};
			buildConfigurationList = FD62BE7922CC3D430060399C /* Build configuration list for PBXProject "UIDelegationProject" */;
			compatibilityVersion = "Xcode 9.3";
			developmentRegion = en;
			hasScannedForEncodings = 0;
			knownRegions = (
				en,
				Base,
			);
			mainGroup = FD62BE7522CC3D430060399C;
			productRefGroup = FD62BE7F22CC3D430060399C /* Products */;
			projectDirPath = "";
			projectRoot = "";
			targets = (
				FD62BE7D22CC3D430060399C /* UIDelegationProject */,
			);
		};
/* End PBXProject section */

/* Begin PBXResourcesBuildPhase section */
		FD62BE7C22CC3D430060399C /* Resources */ = {
			isa = PBXResourcesBuildPhase;
			buildActionMask = 2147483647;
			files = (
				FD62BE8C22CC3D450060399C /* LaunchScreen.storyboard in Resources */,
				FD62BE8922CC3D450060399C /* Assets.xcassets in Resources */,
				FD62BE8722CC3D430060399C /* Main.storyboard in Resources */,
			);
			runOnlyForDeploymentPostprocessing = 0;
		};
/* End PBXResourcesBuildPhase section */

/* Begin PBXSourcesBuildPhase section */
		FD62BE7A22CC3D430060399C /* Sources */ = {
			isa = PBXSourcesBuildPhase;
			buildActionMask = 2147483647;
			files = (
				FD62BE8422CC3D430060399C /* AndroidHatersViewController.swift in Sources */,
				FD62BE9622CC50AF0060399C /* AndroidHatersModel.swift in Sources */,
				FD62BE8222CC3D430060399C /* AppDelegate.swift in Sources */,
			);
			runOnlyForDeploymentPostprocessing = 0;
		};
/* End PBXSourcesBuildPhase section */

/* Begin PBXVariantGroup section */
		FD62BE8522CC3D430060399C /* Main.storyboard */ = {
			isa = PBXVariantGroup;
			children = (
				FD62BE8622CC3D430060399C /* Base */,
			);
			name = Main.storyboard;
			sourceTree = "<group>";
		};
		FD62BE8A22CC3D450060399C /* LaunchScreen.storyboard */ = {
			isa = PBXVariantGroup;
			children = (
				FD62BE8B22CC3D450060399C /* Base */,
			);
			name = LaunchScreen.storyboard;
			sourceTree = "<group>";
		};
/* End PBXVariantGroup section */

/* Begin XCBuildConfiguration section */
		FD62BE8E22CC3D450060399C /* Debug */ = {
			isa = XCBuildConfiguration;
			buildSettings = {
				ALWAYS_SEARCH_USER_PATHS = NO;
				CLANG_ANALYZER_NONNULL = YES;
				CLANG_ANALYZER_NUMBER_OBJECT_CONVERSION = YES_AGGRESSIVE;
				CLANG_CXX_LANGUAGE_STANDARD = "gnu++14";
				CLANG_CXX_LIBRARY = "libc++";
				CLANG_ENABLE_MODULES = YES;
				CLANG_ENABLE_OBJC_ARC = YES;
				CLANG_ENABLE_OBJC_WEAK = YES;
				CLANG_WARN_BLOCK_CAPTURE_AUTORELEASING = YES;
				CLANG_WARN_BOOL_CONVERSION = YES;
				CLANG_WARN_COMMA = YES;
				CLANG_WARN_CONSTANT_CONVERSION = YES;
				CLANG_WARN_DEPRECATED_OBJC_IMPLEMENTATIONS = YES;
				CLANG_WARN_DIRECT_OBJC_ISA_USAGE = YES_ERROR;
				CLANG_WARN_DOCUMENTATION_COMMENTS = YES;
				CLANG_WARN_EMPTY_BODY = YES;
				CLANG_WARN_ENUM_CONVERSION = YES;
				CLANG_WARN_INFINITE_RECURSION = YES;
				CLANG_WARN_INT_CONVERSION = YES;
				CLANG_WARN_NON_LITERAL_NULL_CONVERSION = YES;
				CLANG_WARN_OBJC_IMPLICIT_RETAIN_SELF = YES;
				CLANG_WARN_OBJC_LITERAL_CONVERSION = YES;
				CLANG_WARN_OBJC_ROOT_CLASS = YES_ERROR;
				CLANG_WARN_RANGE_LOOP_ANALYSIS = YES;
				CLANG_WARN_STRICT_PROTOTYPES = YES;
				CLANG_WARN_SUSPICIOUS_MOVE = YES;
				CLANG_WARN_UNGUARDED_AVAILABILITY = YES_AGGRESSIVE;
				CLANG_WARN_UNREACHABLE_CODE = YES;
				CLANG_WARN__DUPLICATE_METHOD_MATCH = YES;
				CODE_SIGN_IDENTITY = "iPhone Developer";
				COPY_PHASE_STRIP = NO;
				DEBUG_INFORMATION_FORMAT = dwarf;
				ENABLE_STRICT_OBJC_MSGSEND = YES;
				ENABLE_TESTABILITY = YES;
				GCC_C_LANGUAGE_STANDARD = gnu11;
				GCC_DYNAMIC_NO_PIC = NO;
				GCC_NO_COMMON_BLOCKS = YES;
				GCC_OPTIMIZATION_LEVEL = 0;
				GCC_PREPROCESSOR_DEFINITIONS = (
					"DEBUG=1",
					"$(inherited)",
				);
				GCC_WARN_64_TO_32_BIT_CONVERSION = YES;
				GCC_WARN_ABOUT_RETURN_TYPE = YES_ERROR;
				GCC_WARN_UNDECLARED_SELECTOR = YES;
				GCC_WARN_UNINITIALIZED_AUTOS = YES_AGGRESSIVE;
				GCC_WARN_UNUSED_FUNCTION = YES;
				GCC_WARN_UNUSED_VARIABLE = YES;
				IPHONEOS_DEPLOYMENT_TARGET = 12.2;
				MTL_ENABLE_DEBUG_INFO = INCLUDE_SOURCE;
				MTL_FAST_MATH = YES;
				ONLY_ACTIVE_ARCH = YES;
				SDKROOT = iphoneos;
				SWIFT_ACTIVE_COMPILATION_CONDITIONS = DEBUG;
				SWIFT_OPTIMIZATION_LEVEL = "-Onone";
			};
			name = Debug;
		};
		FD62BE8F22CC3D450060399C /* Release */ = {
			isa = XCBuildConfiguration;
			buildSettings = {
				ALWAYS_SEARCH_USER_PATHS = NO;
				CLANG_ANALYZER_NONNULL = YES;
				CLANG_ANALYZER_NUMBER_OBJECT_CONVERSION = YES_AGGRESSIVE;
				CLANG_CXX_LANGUAGE_STANDARD = "gnu++14";
				CLANG_CXX_LIBRARY = "libc++";
				CLANG_ENABLE_MODULES = YES;
				CLANG_ENABLE_OBJC_ARC = YES;
				CLANG_ENABLE_OBJC_WEAK = YES;
				CLANG_WARN_BLOCK_CAPTURE_AUTORELEASING = YES;
				CLANG_WARN_BOOL_CONVERSION = YES;
				CLANG_WARN_COMMA = YES;
				CLANG_WARN_CONSTANT_CONVERSION = YES;
				CLANG_WARN_DEPRECATED_OBJC_IMPLEMENTATIONS = YES;
				CLANG_WARN_DIRECT_OBJC_ISA_USAGE = YES_ERROR;
				CLANG_WARN_DOCUMENTATION_COMMENTS = YES;
				CLANG_WARN_EMPTY_BODY = YES;
				CLANG_WARN_ENUM_CONVERSION = YES;
				CLANG_WARN_INFINITE_RECURSION = YES;
				CLANG_WARN_INT_CONVERSION = YES;
				CLANG_WARN_NON_LITERAL_NULL_CONVERSION = YES;
				CLANG_WARN_OBJC_IMPLICIT_RETAIN_SELF = YES;
				CLANG_WARN_OBJC_LITERAL_CONVERSION = YES;
				CLANG_WARN_OBJC_ROOT_CLASS = YES_ERROR;
				CLANG_WARN_RANGE_LOOP_ANALYSIS = YES;
				CLANG_WARN_STRICT_PROTOTYPES = YES;
				CLANG_WARN_SUSPICIOUS_MOVE = YES;
				CLANG_WARN_UNGUARDED_AVAILABILITY = YES_AGGRESSIVE;
				CLANG_WARN_UNREACHABLE_CODE = YES;
				CLANG_WARN__DUPLICATE_METHOD_MATCH = YES;
				CODE_SIGN_IDENTITY = "iPhone Developer";
				COPY_PHASE_STRIP = NO;
				DEBUG_INFORMATION_FORMAT = "dwarf-with-dsym";
				ENABLE_NS_ASSERTIONS = NO;
				ENABLE_STRICT_OBJC_MSGSEND = YES;
				GCC_C_LANGUAGE_STANDARD = gnu11;
				GCC_NO_COMMON_BLOCKS = YES;
				GCC_WARN_64_TO_32_BIT_CONVERSION = YES;
				GCC_WARN_ABOUT_RETURN_TYPE = YES_ERROR;
				GCC_WARN_UNDECLARED_SELECTOR = YES;
				GCC_WARN_UNINITIALIZED_AUTOS = YES_AGGRESSIVE;
				GCC_WARN_UNUSED_FUNCTION = YES;
				GCC_WARN_UNUSED_VARIABLE = YES;
				IPHONEOS_DEPLOYMENT_TARGET = 12.2;
				MTL_ENABLE_DEBUG_INFO = NO;
				MTL_FAST_MATH = YES;
				SDKROOT = iphoneos;
				SWIFT_COMPILATION_MODE = wholemodule;
				SWIFT_OPTIMIZATION_LEVEL = "-O";
				VALIDATE_PRODUCT = YES;
			};
			name = Release;
		};
		FD62BE9122CC3D450060399C /* Debug */ = {
			isa = XCBuildConfiguration;
			buildSettings = {
				ASSETCATALOG_COMPILER_APPICON_NAME = AppIcon;
				CODE_SIGN_STYLE = Automatic;
				DEVELOPMENT_TEAM = 73S9GVSLF6;
				INFOPLIST_FILE = UIDelegationProject/Info.plist;
				LD_RUNPATH_SEARCH_PATHS = (
					"$(inherited)",
					"@executable_path/Frameworks",
				);
				PRODUCT_BUNDLE_IDENTIFIER = joshholl.com.UIDelegationProject;
				PRODUCT_NAME = "$(TARGET_NAME)";
				SWIFT_VERSION = 5.0;
				TARGETED_DEVICE_FAMILY = "1,2";
			};
			name = Debug;
		};
		FD62BE9222CC3D450060399C /* Release */ = {
			isa = XCBuildConfiguration;
			buildSettings = {
				ASSETCATALOG_COMPILER_APPICON_NAME = AppIcon;
				CODE_SIGN_STYLE = Automatic;
				DEVELOPMENT_TEAM = 73S9GVSLF6;
				INFOPLIST_FILE = UIDelegationProject/Info.plist;
				LD_RUNPATH_SEARCH_PATHS = (
					"$(inherited)",
					"@executable_path/Frameworks",
				);
				PRODUCT_BUNDLE_IDENTIFIER = joshholl.com.UIDelegationProject;
				PRODUCT_NAME = "$(TARGET_NAME)";
				SWIFT_VERSION = 5.0;
				TARGETED_DEVICE_FAMILY = "1,2";
			};
			name = Release;
		};
/* End XCBuildConfiguration section */

/* Begin XCConfigurationList section */
		FD62BE7922CC3D430060399C /* Build configuration list for PBXProject "UIDelegationProject" */ = {
			isa = XCConfigurationList;
			buildConfigurations = (
				FD62BE8E22CC3D450060399C /* Debug */,
				FD62BE8F22CC3D450060399C /* Release */,
			);
			defaultConfigurationIsVisible = 0;
			defaultConfigurationName = Release;
		};
		FD62BE9022CC3D450060399C /* Build configuration list for PBXNativeTarget "UIDelegationProject" */ = {
			isa = XCConfigurationList;
			buildConfigurations = (
				FD62BE9122CC3D450060399C /* Debug */,
				FD62BE9222CC3D450060399C /* Release */,
			);
			defaultConfigurationIsVisible = 0;
			defaultConfigurationName = Release;
		};
/* End XCConfigurationList section */
	};
	rootObject = FD62BE7622CC3D430060399C /* Project object */;
}
