// !$*UTF8*$!
{
	archiveVersion = 1;
	classes = {
	};
	objectVersion = 50;
	objects = {

/* Begin PBXBuildFile section */
		FD0C928C22F60BDA00BCB7AB /* CourseList.storyboard in Resources */ = {isa = PBXBuildFile; fileRef = FD0C928B22F60BDA00BCB7AB /* CourseList.storyboard */; };
		FD0C928E22F60D0A00BCB7AB /* CourseListTableViewController.swift in Sources */ = {isa = PBXBuildFile; fileRef = FD0C928D22F60D0A00BCB7AB /* CourseListTableViewController.swift */; };
		FD0C929022F615A500BCB7AB /* CourseListModel.swift in Sources */ = {isa = PBXBuildFile; fileRef = FD0C928F22F615A500BCB7AB /* CourseListModel.swift */; };
		FD522DAF22F3D9540026FE69 /* AppDelegate.swift in Sources */ = {isa = PBXBuildFile; fileRef = FD522DAE22F3D9540026FE69 /* AppDelegate.swift */; };
		FD522DB122F3D9540026FE69 /* ViewController.swift in Sources */ = {isa = PBXBuildFile; fileRef = FD522DB022F3D9540026FE69 /* ViewController.swift */; };
		FD522DB622F3D9550026FE69 /* Assets.xcassets in Resources */ = {isa = PBXBuildFile; fileRef = FD522DB522F3D9550026FE69 /* Assets.xcassets */; };
		FD522DB922F3D9550026FE69 /* LaunchScreen.storyboard in Resources */ = {isa = PBXBuildFile; fileRef = FD522DB722F3D9550026FE69 /* LaunchScreen.storyboard */; };
		FD522DC222F3D9FD0026FE69 /* Course.swift in Sources */ = {isa = PBXBuildFile; fileRef = FD522DC122F3D9FD0026FE69 /* Course.swift */; };
		FD522DC922F3E84B0026FE69 /* CourseListTableVliewCell.swift in Sources */ = {isa = PBXBuildFile; fileRef = FD522DC822F3E84B0026FE69 /* CourseListTableVliewCell.swift */; };
		FDD955DF22F72D7E003D4625 /* mascot.png in Resources */ = {isa = PBXBuildFile; fileRef = FDD955DE22F72D7E003D4625 /* mascot.png */; };
		FDD955E122F72E38003D4625 /* CurrentGpa.storyboard in Resources */ = {isa = PBXBuildFile; fileRef = FDD955E022F72E38003D4625 /* CurrentGpa.storyboard */; };
		FDD955E322F72E62003D4625 /* CurrentGpaViewController.swift in Sources */ = {isa = PBXBuildFile; fileRef = FDD955E222F72E62003D4625 /* CurrentGpaViewController.swift */; };
		FDD955E522F73CA8003D4625 /* mascot_with_shadow.png in Resources */ = {isa = PBXBuildFile; fileRef = FDD955E422F73CA8003D4625 /* mascot_with_shadow.png */; };
		FDD955E722F76328003D4625 /* Main.storyboard in Resources */ = {isa = PBXBuildFile; fileRef = FDD955E622F76328003D4625 /* Main.storyboard */; };
		FDD955EA22F76490003D4625 /* OverviewModel.swift in Sources */ = {isa = PBXBuildFile; fileRef = FDD955E922F76490003D4625 /* OverviewModel.swift */; };
		FDD955EC22F764DB003D4625 /* GradePointAverage.swift in Sources */ = {isa = PBXBuildFile; fileRef = FDD955EB22F764DB003D4625 /* GradePointAverage.swift */; };
		FDD955EE22F76750003D4625 /* OverviewViewController.swift in Sources */ = {isa = PBXBuildFile; fileRef = FDD955ED22F76750003D4625 /* OverviewViewController.swift */; };
		FDD955F022F7676C003D4625 /* Overview.storyboard in Resources */ = {isa = PBXBuildFile; fileRef = FDD955EF22F7676C003D4625 /* Overview.storyboard */; };
		FDD955F522F77DBE003D4625 /* DoubleHelpers.swift in Sources */ = {isa = PBXBuildFile; fileRef = FDD955F422F77DBE003D4625 /* DoubleHelpers.swift */; };
/* End PBXBuildFile section */

/* Begin PBXFileReference section */
		FD0C928B22F60BDA00BCB7AB /* CourseList.storyboard */ = {isa = PBXFileReference; lastKnownFileType = file.storyboard; path = CourseList.storyboard; sourceTree = "<group>"; };
		FD0C928D22F60D0A00BCB7AB /* CourseListTableViewController.swift */ = {isa = PBXFileReference; lastKnownFileType = sourcecode.swift; path = CourseListTableViewController.swift; sourceTree = "<group>"; };
		FD0C928F22F615A500BCB7AB /* CourseListModel.swift */ = {isa = PBXFileReference; lastKnownFileType = sourcecode.swift; path = CourseListModel.swift; sourceTree = "<group>"; };
		FD522DAB22F3D9540026FE69 /* TritonCalc.app */ = {isa = PBXFileReference; explicitFileType = wrapper.application; includeInIndex = 0; path = TritonCalc.app; sourceTree = BUILT_PRODUCTS_DIR; };
		FD522DAE22F3D9540026FE69 /* AppDelegate.swift */ = {isa = PBXFileReference; lastKnownFileType = sourcecode.swift; path = AppDelegate.swift; sourceTree = "<group>"; };
		FD522DB022F3D9540026FE69 /* ViewController.swift */ = {isa = PBXFileReference; lastKnownFileType = sourcecode.swift; path = ViewController.swift; sourceTree = "<group>"; };
		FD522DB522F3D9550026FE69 /* Assets.xcassets */ = {isa = PBXFileReference; lastKnownFileType = folder.assetcatalog; path = Assets.xcassets; sourceTree = "<group>"; };
		FD522DB822F3D9550026FE69 /* Base */ = {isa = PBXFileReference; lastKnownFileType = file.storyboard; name = Base; path = Base.lproj/LaunchScreen.storyboard; sourceTree = "<group>"; };
		FD522DBA22F3D9550026FE69 /* Info.plist */ = {isa = PBXFileReference; lastKnownFileType = text.plist.xml; path = Info.plist; sourceTree = "<group>"; };
		FD522DC122F3D9FD0026FE69 /* Course.swift */ = {isa = PBXFileReference; lastKnownFileType = sourcecode.swift; path = Course.swift; sourceTree = "<group>"; };
		FD522DC822F3E84B0026FE69 /* CourseListTableVliewCell.swift */ = {isa = PBXFileReference; lastKnownFileType = sourcecode.swift; path = CourseListTableVliewCell.swift; sourceTree = "<group>"; };
		FDD955DE22F72D7E003D4625 /* mascot.png */ = {isa = PBXFileReference; lastKnownFileType = image.png; path = mascot.png; sourceTree = "<group>"; };
		FDD955E022F72E38003D4625 /* CurrentGpa.storyboard */ = {isa = PBXFileReference; lastKnownFileType = file.storyboard; path = CurrentGpa.storyboard; sourceTree = "<group>"; };
		FDD955E222F72E62003D4625 /* CurrentGpaViewController.swift */ = {isa = PBXFileReference; lastKnownFileType = sourcecode.swift; path = CurrentGpaViewController.swift; sourceTree = "<group>"; };
		FDD955E422F73CA8003D4625 /* mascot_with_shadow.png */ = {isa = PBXFileReference; lastKnownFileType = image.png; path = mascot_with_shadow.png; sourceTree = "<group>"; };
		FDD955E622F76328003D4625 /* Main.storyboard */ = {isa = PBXFileReference; lastKnownFileType = file.storyboard; path = Main.storyboard; sourceTree = "<group>"; };
		FDD955E922F76490003D4625 /* OverviewModel.swift */ = {isa = PBXFileReference; lastKnownFileType = sourcecode.swift; path = OverviewModel.swift; sourceTree = "<group>"; };
		FDD955EB22F764DB003D4625 /* GradePointAverage.swift */ = {isa = PBXFileReference; lastKnownFileType = sourcecode.swift; path = GradePointAverage.swift; sourceTree = "<group>"; };
		FDD955ED22F76750003D4625 /* OverviewViewController.swift */ = {isa = PBXFileReference; lastKnownFileType = sourcecode.swift; path = OverviewViewController.swift; sourceTree = "<group>"; };
		FDD955EF22F7676C003D4625 /* Overview.storyboard */ = {isa = PBXFileReference; lastKnownFileType = file.storyboard; path = Overview.storyboard; sourceTree = "<group>"; };
		FDD955F422F77DBE003D4625 /* DoubleHelpers.swift */ = {isa = PBXFileReference; lastKnownFileType = sourcecode.swift; path = DoubleHelpers.swift; sourceTree = "<group>"; };
/* End PBXFileReference section */

/* Begin PBXFrameworksBuildPhase section */
		FD522DA822F3D9540026FE69 /* Frameworks */ = {
			isa = PBXFrameworksBuildPhase;
			buildActionMask = 2147483647;
			files = (
			);
			runOnlyForDeploymentPostprocessing = 0;
		};
/* End PBXFrameworksBuildPhase section */

/* Begin PBXGroup section */
		FD522DA222F3D9540026FE69 = {
			isa = PBXGroup;
			children = (
				FD522DAD22F3D9540026FE69 /* TritonCalc */,
				FD522DAC22F3D9540026FE69 /* Products */,
			);
			sourceTree = "<group>";
		};
		FD522DAC22F3D9540026FE69 /* Products */ = {
			isa = PBXGroup;
			children = (
				FD522DAB22F3D9540026FE69 /* TritonCalc.app */,
			);
			name = Products;
			sourceTree = "<group>";
		};
		FD522DAD22F3D9540026FE69 /* TritonCalc */ = {
			isa = PBXGroup;
			children = (
				FDD955F322F77DA1003D4625 /* Utilities */,
				FDD955E822F763ED003D4625 /* Overview */,
				FDD955DB22F682EF003D4625 /* CurrentGpa */,
				FD522DC322F3E5F50026FE69 /* Courses */,
				FD522DC022F3D9CA0026FE69 /* Supporting Files */,
				FD522DAE22F3D9540026FE69 /* AppDelegate.swift */,
				FD522DB022F3D9540026FE69 /* ViewController.swift */,
				FDD955E622F76328003D4625 /* Main.storyboard */,
				FDD955EB22F764DB003D4625 /* GradePointAverage.swift */,
			);
			path = TritonCalc;
			sourceTree = "<group>";
		};
		FD522DC022F3D9CA0026FE69 /* Supporting Files */ = {
			isa = PBXGroup;
			children = (
				FDD955E422F73CA8003D4625 /* mascot_with_shadow.png */,
				FDD955DE22F72D7E003D4625 /* mascot.png */,
				FD522DB722F3D9550026FE69 /* LaunchScreen.storyboard */,
				FD522DB522F3D9550026FE69 /* Assets.xcassets */,
				FD522DBA22F3D9550026FE69 /* Info.plist */,
			);
			name = "Supporting Files";
			sourceTree = "<group>";
		};
		FD522DC322F3E5F50026FE69 /* Courses */ = {
			isa = PBXGroup;
			children = (
				FD522DC122F3D9FD0026FE69 /* Course.swift */,
				FD522DC522F3E6310026FE69 /* Course */,
				FD522DC422F3E6210026FE69 /* CourseList */,
			);
			path = Courses;
			sourceTree = "<group>";
		};
		FD522DC422F3E6210026FE69 /* CourseList */ = {
			isa = PBXGroup;
			children = (
				FD522DC822F3E84B0026FE69 /* CourseListTableVliewCell.swift */,
				FD0C928B22F60BDA00BCB7AB /* CourseList.storyboard */,
				FD0C928D22F60D0A00BCB7AB /* CourseListTableViewController.swift */,
				FD0C928F22F615A500BCB7AB /* CourseListModel.swift */,
			);
			path = CourseList;
			sourceTree = "<group>";
		};
		FD522DC522F3E6310026FE69 /* Course */ = {
			isa = PBXGroup;
			children = (
			);
			path = Course;
			sourceTree = "<group>";
		};
		FDD955DB22F682EF003D4625 /* CurrentGpa */ = {
			isa = PBXGroup;
			children = (
				FDD955E022F72E38003D4625 /* CurrentGpa.storyboard */,
				FDD955E222F72E62003D4625 /* CurrentGpaViewController.swift */,
			);
			path = CurrentGpa;
			sourceTree = "<group>";
		};
		FDD955E822F763ED003D4625 /* Overview */ = {
			isa = PBXGroup;
			children = (
				FDD955E922F76490003D4625 /* OverviewModel.swift */,
				FDD955ED22F76750003D4625 /* OverviewViewController.swift */,
				FDD955EF22F7676C003D4625 /* Overview.storyboard */,
			);
			path = Overview;
			sourceTree = "<group>";
		};
		FDD955F322F77DA1003D4625 /* Utilities */ = {
			isa = PBXGroup;
			children = (
				FDD955F422F77DBE003D4625 /* DoubleHelpers.swift */,
			);
			path = Utilities;
			sourceTree = "<group>";
		};
/* End PBXGroup section */

/* Begin PBXNativeTarget section */
		FD522DAA22F3D9540026FE69 /* TritonCalc */ = {
			isa = PBXNativeTarget;
			buildConfigurationList = FD522DBD22F3D9550026FE69 /* Build configuration list for PBXNativeTarget "TritonCalc" */;
			buildPhases = (
				FD522DA722F3D9540026FE69 /* Sources */,
				FD522DA822F3D9540026FE69 /* Frameworks */,
				FD522DA922F3D9540026FE69 /* Resources */,
			);
			buildRules = (
			);
			dependencies = (
			);
			name = TritonCalc;
			productName = TritonCalc;
			productReference = FD522DAB22F3D9540026FE69 /* TritonCalc.app */;
			productType = "com.apple.product-type.application";
		};
/* End PBXNativeTarget section */

/* Begin PBXProject section */
		FD522DA322F3D9540026FE69 /* Project object */ = {
			isa = PBXProject;
			attributes = {
				LastSwiftUpdateCheck = 1030;
				LastUpgradeCheck = 1030;
				ORGANIZATIONNAME = Joshholl;
				TargetAttributes = {
					FD522DAA22F3D9540026FE69 = {
						CreatedOnToolsVersion = 10.3;
					};
				};
			};
			buildConfigurationList = FD522DA622F3D9540026FE69 /* Build configuration list for PBXProject "TritonCalc" */;
			compatibilityVersion = "Xcode 9.3";
			developmentRegion = en;
			hasScannedForEncodings = 0;
			knownRegions = (
				en,
				Base,
			);
			mainGroup = FD522DA222F3D9540026FE69;
			productRefGroup = FD522DAC22F3D9540026FE69 /* Products */;
			projectDirPath = "";
			projectRoot = "";
			targets = (
				FD522DAA22F3D9540026FE69 /* TritonCalc */,
			);
		};
/* End PBXProject section */

/* Begin PBXResourcesBuildPhase section */
		FD522DA922F3D9540026FE69 /* Resources */ = {
			isa = PBXResourcesBuildPhase;
			buildActionMask = 2147483647;
			files = (
				FDD955E722F76328003D4625 /* Main.storyboard in Resources */,
				FDD955F022F7676C003D4625 /* Overview.storyboard in Resources */,
				FDD955E522F73CA8003D4625 /* mascot_with_shadow.png in Resources */,
				FDD955DF22F72D7E003D4625 /* mascot.png in Resources */,
				FD522DB922F3D9550026FE69 /* LaunchScreen.storyboard in Resources */,
				FD0C928C22F60BDA00BCB7AB /* CourseList.storyboard in Resources */,
				FDD955E122F72E38003D4625 /* CurrentGpa.storyboard in Resources */,
				FD522DB622F3D9550026FE69 /* Assets.xcassets in Resources */,
			);
			runOnlyForDeploymentPostprocessing = 0;
		};
/* End PBXResourcesBuildPhase section */

/* Begin PBXSourcesBuildPhase section */
		FD522DA722F3D9540026FE69 /* Sources */ = {
			isa = PBXSourcesBuildPhase;
			buildActionMask = 2147483647;
			files = (
				FDD955EA22F76490003D4625 /* OverviewModel.swift in Sources */,
				FDD955EE22F76750003D4625 /* OverviewViewController.swift in Sources */,
				FD522DB122F3D9540026FE69 /* ViewController.swift in Sources */,
				FD522DC922F3E84B0026FE69 /* CourseListTableVliewCell.swift in Sources */,
				FDD955E322F72E62003D4625 /* CurrentGpaViewController.swift in Sources */,
				FD522DAF22F3D9540026FE69 /* AppDelegate.swift in Sources */,
				FD0C928E22F60D0A00BCB7AB /* CourseListTableViewController.swift in Sources */,
				FDD955F522F77DBE003D4625 /* DoubleHelpers.swift in Sources */,
				FD0C929022F615A500BCB7AB /* CourseListModel.swift in Sources */,
				FDD955EC22F764DB003D4625 /* GradePointAverage.swift in Sources */,
				FD522DC222F3D9FD0026FE69 /* Course.swift in Sources */,
			);
			runOnlyForDeploymentPostprocessing = 0;
		};
/* End PBXSourcesBuildPhase section */

/* Begin PBXVariantGroup section */
		FD522DB722F3D9550026FE69 /* LaunchScreen.storyboard */ = {
			isa = PBXVariantGroup;
			children = (
				FD522DB822F3D9550026FE69 /* Base */,
			);
			name = LaunchScreen.storyboard;
			sourceTree = "<group>";
		};
/* End PBXVariantGroup section */

/* Begin XCBuildConfiguration section */
		FD522DBB22F3D9550026FE69 /* Debug */ = {
			isa = XCBuildConfiguration;
			buildSettings = {
				ALWAYS_SEARCH_USER_PATHS = NO;
				CLANG_ANALYZER_NONNULL = YES;
				CLANG_ANALYZER_NUMBER_OBJECT_CONVERSION = YES_AGGRESSIVE;
				CLANG_CXX_LANGUAGE_STANDARD = "gnu++14";
				CLANG_CXX_LIBRARY = "libc++";
				CLANG_ENABLE_MODULES = YES;
				CLANG_ENABLE_OBJC_ARC = YES;
				CLANG_ENABLE_OBJC_WEAK = YES;
				CLANG_WARN_BLOCK_CAPTURE_AUTORELEASING = YES;
				CLANG_WARN_BOOL_CONVERSION = YES;
				CLANG_WARN_COMMA = YES;
				CLANG_WARN_CONSTANT_CONVERSION = YES;
				CLANG_WARN_DEPRECATED_OBJC_IMPLEMENTATIONS = YES;
				CLANG_WARN_DIRECT_OBJC_ISA_USAGE = YES_ERROR;
				CLANG_WARN_DOCUMENTATION_COMMENTS = YES;
				CLANG_WARN_EMPTY_BODY = YES;
				CLANG_WARN_ENUM_CONVERSION = YES;
				CLANG_WARN_INFINITE_RECURSION = YES;
				CLANG_WARN_INT_CONVERSION = YES;
				CLANG_WARN_NON_LITERAL_NULL_CONVERSION = YES;
				CLANG_WARN_OBJC_IMPLICIT_RETAIN_SELF = YES;
				CLANG_WARN_OBJC_LITERAL_CONVERSION = YES;
				CLANG_WARN_OBJC_ROOT_CLASS = YES_ERROR;
				CLANG_WARN_RANGE_LOOP_ANALYSIS = YES;
				CLANG_WARN_STRICT_PROTOTYPES = YES;
				CLANG_WARN_SUSPICIOUS_MOVE = YES;
				CLANG_WARN_UNGUARDED_AVAILABILITY = YES_AGGRESSIVE;
				CLANG_WARN_UNREACHABLE_CODE = YES;
				CLANG_WARN__DUPLICATE_METHOD_MATCH = YES;
				CODE_SIGN_IDENTITY = "iPhone Developer";
				COPY_PHASE_STRIP = NO;
				DEBUG_INFORMATION_FORMAT = dwarf;
				ENABLE_STRICT_OBJC_MSGSEND = YES;
				ENABLE_TESTABILITY = YES;
				GCC_C_LANGUAGE_STANDARD = gnu11;
				GCC_DYNAMIC_NO_PIC = NO;
				GCC_NO_COMMON_BLOCKS = YES;
				GCC_OPTIMIZATION_LEVEL = 0;
				GCC_PREPROCESSOR_DEFINITIONS = (
					"DEBUG=1",
					"$(inherited)",
				);
				GCC_WARN_64_TO_32_BIT_CONVERSION = YES;
				GCC_WARN_ABOUT_RETURN_TYPE = YES_ERROR;
				GCC_WARN_UNDECLARED_SELECTOR = YES;
				GCC_WARN_UNINITIALIZED_AUTOS = YES_AGGRESSIVE;
				GCC_WARN_UNUSED_FUNCTION = YES;
				GCC_WARN_UNUSED_VARIABLE = YES;
				IPHONEOS_DEPLOYMENT_TARGET = 12.4;
				MTL_ENABLE_DEBUG_INFO = INCLUDE_SOURCE;
				MTL_FAST_MATH = YES;
				ONLY_ACTIVE_ARCH = YES;
				SDKROOT = iphoneos;
				SWIFT_ACTIVE_COMPILATION_CONDITIONS = DEBUG;
				SWIFT_OPTIMIZATION_LEVEL = "-Onone";
			};
			name = Debug;
		};
		FD522DBC22F3D9550026FE69 /* Release */ = {
			isa = XCBuildConfiguration;
			buildSettings = {
				ALWAYS_SEARCH_USER_PATHS = NO;
				CLANG_ANALYZER_NONNULL = YES;
				CLANG_ANALYZER_NUMBER_OBJECT_CONVERSION = YES_AGGRESSIVE;
				CLANG_CXX_LANGUAGE_STANDARD = "gnu++14";
				CLANG_CXX_LIBRARY = "libc++";
				CLANG_ENABLE_MODULES = YES;
				CLANG_ENABLE_OBJC_ARC = YES;
				CLANG_ENABLE_OBJC_WEAK = YES;
				CLANG_WARN_BLOCK_CAPTURE_AUTORELEASING = YES;
				CLANG_WARN_BOOL_CONVERSION = YES;
				CLANG_WARN_COMMA = YES;
				CLANG_WARN_CONSTANT_CONVERSION = YES;
				CLANG_WARN_DEPRECATED_OBJC_IMPLEMENTATIONS = YES;
				CLANG_WARN_DIRECT_OBJC_ISA_USAGE = YES_ERROR;
				CLANG_WARN_DOCUMENTATION_COMMENTS = YES;
				CLANG_WARN_EMPTY_BODY = YES;
				CLANG_WARN_ENUM_CONVERSION = YES;
				CLANG_WARN_INFINITE_RECURSION = YES;
				CLANG_WARN_INT_CONVERSION = YES;
				CLANG_WARN_NON_LITERAL_NULL_CONVERSION = YES;
				CLANG_WARN_OBJC_IMPLICIT_RETAIN_SELF = YES;
				CLANG_WARN_OBJC_LITERAL_CONVERSION = YES;
				CLANG_WARN_OBJC_ROOT_CLASS = YES_ERROR;
				CLANG_WARN_RANGE_LOOP_ANALYSIS = YES;
				CLANG_WARN_STRICT_PROTOTYPES = YES;
				CLANG_WARN_SUSPICIOUS_MOVE = YES;
				CLANG_WARN_UNGUARDED_AVAILABILITY = YES_AGGRESSIVE;
				CLANG_WARN_UNREACHABLE_CODE = YES;
				CLANG_WARN__DUPLICATE_METHOD_MATCH = YES;
				CODE_SIGN_IDENTITY = "iPhone Developer";
				COPY_PHASE_STRIP = NO;
				DEBUG_INFORMATION_FORMAT = "dwarf-with-dsym";
				ENABLE_NS_ASSERTIONS = NO;
				ENABLE_STRICT_OBJC_MSGSEND = YES;
				GCC_C_LANGUAGE_STANDARD = gnu11;
				GCC_NO_COMMON_BLOCKS = YES;
				GCC_WARN_64_TO_32_BIT_CONVERSION = YES;
				GCC_WARN_ABOUT_RETURN_TYPE = YES_ERROR;
				GCC_WARN_UNDECLARED_SELECTOR = YES;
				GCC_WARN_UNINITIALIZED_AUTOS = YES_AGGRESSIVE;
				GCC_WARN_UNUSED_FUNCTION = YES;
				GCC_WARN_UNUSED_VARIABLE = YES;
				IPHONEOS_DEPLOYMENT_TARGET = 12.4;
				MTL_ENABLE_DEBUG_INFO = NO;
				MTL_FAST_MATH = YES;
				SDKROOT = iphoneos;
				SWIFT_COMPILATION_MODE = wholemodule;
				SWIFT_OPTIMIZATION_LEVEL = "-O";
				VALIDATE_PRODUCT = YES;
			};
			name = Release;
		};
		FD522DBE22F3D9550026FE69 /* Debug */ = {
			isa = XCBuildConfiguration;
			buildSettings = {
				ASSETCATALOG_COMPILER_APPICON_NAME = AppIcon;
				CODE_SIGN_STYLE = Automatic;
				DEVELOPMENT_TEAM = 73S9GVSLF6;
				INFOPLIST_FILE = TritonCalc/Info.plist;
				LD_RUNPATH_SEARCH_PATHS = (
					"$(inherited)",
					"@executable_path/Frameworks",
				);
				PRODUCT_BUNDLE_IDENTIFIER = joshholl.com.TritonCalc;
				PRODUCT_NAME = "$(TARGET_NAME)";
				SWIFT_VERSION = 5.0;
				TARGETED_DEVICE_FAMILY = "1,2";
			};
			name = Debug;
		};
		FD522DBF22F3D9550026FE69 /* Release */ = {
			isa = XCBuildConfiguration;
			buildSettings = {
				ASSETCATALOG_COMPILER_APPICON_NAME = AppIcon;
				CODE_SIGN_STYLE = Automatic;
				DEVELOPMENT_TEAM = 73S9GVSLF6;
				INFOPLIST_FILE = TritonCalc/Info.plist;
				LD_RUNPATH_SEARCH_PATHS = (
					"$(inherited)",
					"@executable_path/Frameworks",
				);
				PRODUCT_BUNDLE_IDENTIFIER = joshholl.com.TritonCalc;
				PRODUCT_NAME = "$(TARGET_NAME)";
				SWIFT_VERSION = 5.0;
				TARGETED_DEVICE_FAMILY = "1,2";
			};
			name = Release;
		};
/* End XCBuildConfiguration section */

/* Begin XCConfigurationList section */
		FD522DA622F3D9540026FE69 /* Build configuration list for PBXProject "TritonCalc" */ = {
			isa = XCConfigurationList;
			buildConfigurations = (
				FD522DBB22F3D9550026FE69 /* Debug */,
				FD522DBC22F3D9550026FE69 /* Release */,
			);
			defaultConfigurationIsVisible = 0;
			defaultConfigurationName = Release;
		};
		FD522DBD22F3D9550026FE69 /* Build configuration list for PBXNativeTarget "TritonCalc" */ = {
			isa = XCConfigurationList;
			buildConfigurations = (
				FD522DBE22F3D9550026FE69 /* Debug */,
				FD522DBF22F3D9550026FE69 /* Release */,
			);
			defaultConfigurationIsVisible = 0;
			defaultConfigurationName = Release;
		};
/* End XCConfigurationList section */
	};
	rootObject = FD522DA322F3D9540026FE69 /* Project object */;
}
